// !$*UTF8*$!
{
	archiveVersion = 1;
	classes = {
	};
	objectVersion = 50;
	objects = {

/* Begin PBXBuildFile section */
		A0512D8125E1B5BB00A1CC8B /* LoadingCell.xib in Resources */ = {isa = PBXBuildFile; fileRef = A0512D8025E1B5BB00A1CC8B /* LoadingCell.xib */; };
		A0512D8625E1DA7900A1CC8B /* UIImageView+DownloadImage.swift in Sources */ = {isa = PBXBuildFile; fileRef = A0512D8525E1DA7900A1CC8B /* UIImageView+DownloadImage.swift */; };
		A0D54A4625E14902004EFE06 /* AppDelegate.swift in Sources */ = {isa = PBXBuildFile; fileRef = A0D54A4525E14902004EFE06 /* AppDelegate.swift */; };
		A0D54A4825E14902004EFE06 /* SceneDelegate.swift in Sources */ = {isa = PBXBuildFile; fileRef = A0D54A4725E14902004EFE06 /* SceneDelegate.swift */; };
		A0D54A4A25E14902004EFE06 /* SearchViewController.swift in Sources */ = {isa = PBXBuildFile; fileRef = A0D54A4925E14902004EFE06 /* SearchViewController.swift */; };
		A0D54A4D25E14902004EFE06 /* Main.storyboard in Resources */ = {isa = PBXBuildFile; fileRef = A0D54A4B25E14902004EFE06 /* Main.storyboard */; };
		A0D54A4F25E14903004EFE06 /* Assets.xcassets in Resources */ = {isa = PBXBuildFile; fileRef = A0D54A4E25E14903004EFE06 /* Assets.xcassets */; };
		A0D54A5D25E151D5004EFE06 /* SearchResult.swift in Sources */ = {isa = PBXBuildFile; fileRef = A0D54A5C25E151D5004EFE06 /* SearchResult.swift */; };
		A0D54A6025E15706004EFE06 /* SearchResultCell.xib in Resources */ = {isa = PBXBuildFile; fileRef = A0D54A5F25E15706004EFE06 /* SearchResultCell.xib */; };
		A0D54A6325E15A5D004EFE06 /* SearchResultCell.swift in Sources */ = {isa = PBXBuildFile; fileRef = A0D54A6225E15A5D004EFE06 /* SearchResultCell.swift */; };
		A0D54A6625E16ADD004EFE06 /* NothingFoundCell.xib in Resources */ = {isa = PBXBuildFile; fileRef = A0D54A6525E16ADD004EFE06 /* NothingFoundCell.xib */; };
		A0F1282825E72BE400E7A30F /* DetailViewController.swift in Sources */ = {isa = PBXBuildFile; fileRef = A0F1282725E72BE400E7A30F /* DetailViewController.swift */; };
		A0F1282B25E7342500E7A30F /* DimmingPresentationController.swift in Sources */ = {isa = PBXBuildFile; fileRef = A0F1282A25E7342500E7A30F /* DimmingPresentationController.swift */; };
		A0F1282E25EAC84400E7A30F /* GradientView.swift in Sources */ = {isa = PBXBuildFile; fileRef = A0F1282D25EAC84400E7A30F /* GradientView.swift */; };
		A0F1283125EACC5300E7A30F /* BounceAnimationController.swift in Sources */ = {isa = PBXBuildFile; fileRef = A0F1283025EACC5300E7A30F /* BounceAnimationController.swift */; };
		A0F1283425EADD0900E7A30F /* SlideOutAnimationController.swift in Sources */ = {isa = PBXBuildFile; fileRef = A0F1283325EADD0900E7A30F /* SlideOutAnimationController.swift */; };
		A0F1283725EAE27D00E7A30F /* LandscapeViewController.swift in Sources */ = {isa = PBXBuildFile; fileRef = A0F1283625EAE27D00E7A30F /* LandscapeViewController.swift */; };
		A0F1283A25EAEC5700E7A30F /* FadeOutAnimationController.swift in Sources */ = {isa = PBXBuildFile; fileRef = A0F1283925EAEC5700E7A30F /* FadeOutAnimationController.swift */; };
/* End PBXBuildFile section */

/* Begin PBXFileReference section */
		A0512D8025E1B5BB00A1CC8B /* LoadingCell.xib */ = {isa = PBXFileReference; lastKnownFileType = file.xib; path = LoadingCell.xib; sourceTree = "<group>"; };
		A0512D8525E1DA7900A1CC8B /* UIImageView+DownloadImage.swift */ = {isa = PBXFileReference; lastKnownFileType = sourcecode.swift; path = "UIImageView+DownloadImage.swift"; sourceTree = "<group>"; };
		A0D54A4225E14902004EFE06 /* StoreSearch.app */ = {isa = PBXFileReference; explicitFileType = wrapper.application; includeInIndex = 0; path = StoreSearch.app; sourceTree = BUILT_PRODUCTS_DIR; };
		A0D54A4525E14902004EFE06 /* AppDelegate.swift */ = {isa = PBXFileReference; lastKnownFileType = sourcecode.swift; path = AppDelegate.swift; sourceTree = "<group>"; };
		A0D54A4725E14902004EFE06 /* SceneDelegate.swift */ = {isa = PBXFileReference; lastKnownFileType = sourcecode.swift; path = SceneDelegate.swift; sourceTree = "<group>"; };
		A0D54A4925E14902004EFE06 /* SearchViewController.swift */ = {isa = PBXFileReference; lastKnownFileType = sourcecode.swift; path = SearchViewController.swift; sourceTree = "<group>"; };
		A0D54A4C25E14902004EFE06 /* Base */ = {isa = PBXFileReference; lastKnownFileType = file.storyboard; name = Base; path = Base.lproj/Main.storyboard; sourceTree = "<group>"; };
		A0D54A4E25E14903004EFE06 /* Assets.xcassets */ = {isa = PBXFileReference; lastKnownFileType = folder.assetcatalog; path = Assets.xcassets; sourceTree = "<group>"; };
		A0D54A5325E14903004EFE06 /* Info.plist */ = {isa = PBXFileReference; lastKnownFileType = text.plist.xml; path = Info.plist; sourceTree = "<group>"; };
		A0D54A5C25E151D5004EFE06 /* SearchResult.swift */ = {isa = PBXFileReference; lastKnownFileType = sourcecode.swift; path = SearchResult.swift; sourceTree = "<group>"; };
		A0D54A5F25E15706004EFE06 /* SearchResultCell.xib */ = {isa = PBXFileReference; lastKnownFileType = file.xib; path = SearchResultCell.xib; sourceTree = "<group>"; };
		A0D54A6225E15A5D004EFE06 /* SearchResultCell.swift */ = {isa = PBXFileReference; lastKnownFileType = sourcecode.swift; path = SearchResultCell.swift; sourceTree = "<group>"; };
		A0D54A6525E16ADD004EFE06 /* NothingFoundCell.xib */ = {isa = PBXFileReference; lastKnownFileType = file.xib; path = NothingFoundCell.xib; sourceTree = "<group>"; };
		A0F1282725E72BE400E7A30F /* DetailViewController.swift */ = {isa = PBXFileReference; lastKnownFileType = sourcecode.swift; path = DetailViewController.swift; sourceTree = "<group>"; };
		A0F1282A25E7342500E7A30F /* DimmingPresentationController.swift */ = {isa = PBXFileReference; lastKnownFileType = sourcecode.swift; path = DimmingPresentationController.swift; sourceTree = "<group>"; };
		A0F1282D25EAC84400E7A30F /* GradientView.swift */ = {isa = PBXFileReference; lastKnownFileType = sourcecode.swift; path = GradientView.swift; sourceTree = "<group>"; };
		A0F1283025EACC5300E7A30F /* BounceAnimationController.swift */ = {isa = PBXFileReference; lastKnownFileType = sourcecode.swift; path = BounceAnimationController.swift; sourceTree = "<group>"; };
		A0F1283325EADD0900E7A30F /* SlideOutAnimationController.swift */ = {isa = PBXFileReference; lastKnownFileType = sourcecode.swift; path = SlideOutAnimationController.swift; sourceTree = "<group>"; };
		A0F1283625EAE27D00E7A30F /* LandscapeViewController.swift */ = {isa = PBXFileReference; lastKnownFileType = sourcecode.swift; path = LandscapeViewController.swift; sourceTree = "<group>"; };
		A0F1283925EAEC5700E7A30F /* FadeOutAnimationController.swift */ = {isa = PBXFileReference; lastKnownFileType = sourcecode.swift; path = FadeOutAnimationController.swift; sourceTree = "<group>"; };
/* End PBXFileReference section */

/* Begin PBXFrameworksBuildPhase section */
		A0D54A3F25E14902004EFE06 /* Frameworks */ = {
			isa = PBXFrameworksBuildPhase;
			buildActionMask = 2147483647;
			files = (
			);
			runOnlyForDeploymentPostprocessing = 0;
		};
/* End PBXFrameworksBuildPhase section */

/* Begin PBXGroup section */
		A0D54A3925E14902004EFE06 = {
			isa = PBXGroup;
			children = (
				A0D54A4425E14902004EFE06 /* StoreSearch */,
				A0D54A4325E14902004EFE06 /* Products */,
			);
			sourceTree = "<group>";
		};
		A0D54A4325E14902004EFE06 /* Products */ = {
			isa = PBXGroup;
			children = (
				A0D54A4225E14902004EFE06 /* StoreSearch.app */,
			);
			name = Products;
			sourceTree = "<group>";
		};
		A0D54A4425E14902004EFE06 /* StoreSearch */ = {
			isa = PBXGroup;
			children = (
				A0D54A4525E14902004EFE06 /* AppDelegate.swift */,
				A0D54A4725E14902004EFE06 /* SceneDelegate.swift */,
				A0D54A4925E14902004EFE06 /* SearchViewController.swift */,
				A0D54A4B25E14902004EFE06 /* Main.storyboard */,
				A0D54A4E25E14903004EFE06 /* Assets.xcassets */,
				A0D54A5325E14903004EFE06 /* Info.plist */,
				A0D54A5C25E151D5004EFE06 /* SearchResult.swift */,
				A0D54A5F25E15706004EFE06 /* SearchResultCell.xib */,
				A0D54A6225E15A5D004EFE06 /* SearchResultCell.swift */,
				A0D54A6525E16ADD004EFE06 /* NothingFoundCell.xib */,
				A0512D8025E1B5BB00A1CC8B /* LoadingCell.xib */,
				A0512D8525E1DA7900A1CC8B /* UIImageView+DownloadImage.swift */,
				A0F1282725E72BE400E7A30F /* DetailViewController.swift */,
				A0F1282A25E7342500E7A30F /* DimmingPresentationController.swift */,
				A0F1282D25EAC84400E7A30F /* GradientView.swift */,
				A0F1283025EACC5300E7A30F /* BounceAnimationController.swift */,
				A0F1283325EADD0900E7A30F /* SlideOutAnimationController.swift */,
				A0F1283625EAE27D00E7A30F /* LandscapeViewController.swift */,
				A0F1283925EAEC5700E7A30F /* FadeOutAnimationController.swift */,
			);
			path = StoreSearch;
			sourceTree = "<group>";
		};
/* End PBXGroup section */

/* Begin PBXNativeTarget section */
		A0D54A4125E14902004EFE06 /* StoreSearch */ = {
			isa = PBXNativeTarget;
			buildConfigurationList = A0D54A5625E14903004EFE06 /* Build configuration list for PBXNativeTarget "StoreSearch" */;
			buildPhases = (
				A0D54A3E25E14902004EFE06 /* Sources */,
				A0D54A3F25E14902004EFE06 /* Frameworks */,
				A0D54A4025E14902004EFE06 /* Resources */,
			);
			buildRules = (
			);
			dependencies = (
			);
			name = StoreSearch;
			productName = StoreSearch;
			productReference = A0D54A4225E14902004EFE06 /* StoreSearch.app */;
			productType = "com.apple.product-type.application";
		};
/* End PBXNativeTarget section */

/* Begin PBXProject section */
		A0D54A3A25E14902004EFE06 /* Project object */ = {
			isa = PBXProject;
			attributes = {
				LastSwiftUpdateCheck = 1240;
				LastUpgradeCheck = 1240;
				TargetAttributes = {
					A0D54A4125E14902004EFE06 = {
						CreatedOnToolsVersion = 12.4;
					};
				};
			};
			buildConfigurationList = A0D54A3D25E14902004EFE06 /* Build configuration list for PBXProject "StoreSearch" */;
			compatibilityVersion = "Xcode 9.3";
			developmentRegion = en;
			hasScannedForEncodings = 0;
			knownRegions = (
				en,
				Base,
			);
			mainGroup = A0D54A3925E14902004EFE06;
			productRefGroup = A0D54A4325E14902004EFE06 /* Products */;
			projectDirPath = "";
			projectRoot = "";
			targets = (
				A0D54A4125E14902004EFE06 /* StoreSearch */,
			);
		};
/* End PBXProject section */

/* Begin PBXResourcesBuildPhase section */
		A0D54A4025E14902004EFE06 /* Resources */ = {
			isa = PBXResourcesBuildPhase;
			buildActionMask = 2147483647;
			files = (
				A0D54A4F25E14903004EFE06 /* Assets.xcassets in Resources */,
				A0512D8125E1B5BB00A1CC8B /* LoadingCell.xib in Resources */,
				A0D54A6025E15706004EFE06 /* SearchResultCell.xib in Resources */,
				A0D54A6625E16ADD004EFE06 /* NothingFoundCell.xib in Resources */,
				A0D54A4D25E14902004EFE06 /* Main.storyboard in Resources */,
			);
			runOnlyForDeploymentPostprocessing = 0;
		};
/* End PBXResourcesBuildPhase section */

/* Begin PBXSourcesBuildPhase section */
		A0D54A3E25E14902004EFE06 /* Sources */ = {
			isa = PBXSourcesBuildPhase;
			buildActionMask = 2147483647;
			files = (
				A0D54A4A25E14902004EFE06 /* SearchViewController.swift in Sources */,
				A0D54A4625E14902004EFE06 /* AppDelegate.swift in Sources */,
				A0512D8625E1DA7900A1CC8B /* UIImageView+DownloadImage.swift in Sources */,
				A0F1282B25E7342500E7A30F /* DimmingPresentationController.swift in Sources */,
				A0F1283125EACC5300E7A30F /* BounceAnimationController.swift in Sources */,
				A0D54A5D25E151D5004EFE06 /* SearchResult.swift in Sources */,
				A0D54A4825E14902004EFE06 /* SceneDelegate.swift in Sources */,
				A0D54A6325E15A5D004EFE06 /* SearchResultCell.swift in Sources */,
				A0F1283425EADD0900E7A30F /* SlideOutAnimationController.swift in Sources */,
				A0F1283A25EAEC5700E7A30F /* FadeOutAnimationController.swift in Sources */,
				A0F1282825E72BE400E7A30F /* DetailViewController.swift in Sources */,
				A0F1283725EAE27D00E7A30F /* LandscapeViewController.swift in Sources */,
				A0F1282E25EAC84400E7A30F /* GradientView.swift in Sources */,
			);
			runOnlyForDeploymentPostprocessing = 0;
		};
/* End PBXSourcesBuildPhase section */

/* Begin PBXVariantGroup section */
		A0D54A4B25E14902004EFE06 /* Main.storyboard */ = {
			isa = PBXVariantGroup;
			children = (
				A0D54A4C25E14902004EFE06 /* Base */,
			);
			name = Main.storyboard;
			sourceTree = "<group>";
		};
/* End PBXVariantGroup section */

/* Begin XCBuildConfiguration section */
		A0D54A5425E14903004EFE06 /* Debug */ = {
			isa = XCBuildConfiguration;
			buildSettings = {
				ALWAYS_SEARCH_USER_PATHS = NO;
				CLANG_ANALYZER_NONNULL = YES;
				CLANG_ANALYZER_NUMBER_OBJECT_CONVERSION = YES_AGGRESSIVE;
				CLANG_CXX_LANGUAGE_STANDARD = "gnu++14";
				CLANG_CXX_LIBRARY = "libc++";
				CLANG_ENABLE_MODULES = YES;
				CLANG_ENABLE_OBJC_ARC = YES;
				CLANG_ENABLE_OBJC_WEAK = YES;
				CLANG_WARN_BLOCK_CAPTURE_AUTORELEASING = YES;
				CLANG_WARN_BOOL_CONVERSION = YES;
				CLANG_WARN_COMMA = YES;
				CLANG_WARN_CONSTANT_CONVERSION = YES;
				CLANG_WARN_DEPRECATED_OBJC_IMPLEMENTATIONS = YES;
				CLANG_WARN_DIRECT_OBJC_ISA_USAGE = YES_ERROR;
				CLANG_WARN_DOCUMENTATION_COMMENTS = YES;
				CLANG_WARN_EMPTY_BODY = YES;
				CLANG_WARN_ENUM_CONVERSION = YES;
				CLANG_WARN_INFINITE_RECURSION = YES;
				CLANG_WARN_INT_CONVERSION = YES;
				CLANG_WARN_NON_LITERAL_NULL_CONVERSION = YES;
				CLANG_WARN_OBJC_IMPLICIT_RETAIN_SELF = YES;
				CLANG_WARN_OBJC_LITERAL_CONVERSION = YES;
				CLANG_WARN_OBJC_ROOT_CLASS = YES_ERROR;
				CLANG_WARN_QUOTED_INCLUDE_IN_FRAMEWORK_HEADER = YES;
				CLANG_WARN_RANGE_LOOP_ANALYSIS = YES;
				CLANG_WARN_STRICT_PROTOTYPES = YES;
				CLANG_WARN_SUSPICIOUS_MOVE = YES;
				CLANG_WARN_UNGUARDED_AVAILABILITY = YES_AGGRESSIVE;
				CLANG_WARN_UNREACHABLE_CODE = YES;
				CLANG_WARN__DUPLICATE_METHOD_MATCH = YES;
				COPY_PHASE_STRIP = NO;
				DEBUG_INFORMATION_FORMAT = dwarf;
				ENABLE_STRICT_OBJC_MSGSEND = YES;
				ENABLE_TESTABILITY = YES;
				GCC_C_LANGUAGE_STANDARD = gnu11;
				GCC_DYNAMIC_NO_PIC = NO;
				GCC_NO_COMMON_BLOCKS = YES;
				GCC_OPTIMIZATION_LEVEL = 0;
				GCC_PREPROCESSOR_DEFINITIONS = (
					"DEBUG=1",
					"$(inherited)",
				);
				GCC_WARN_64_TO_32_BIT_CONVERSION = YES;
				GCC_WARN_ABOUT_RETURN_TYPE = YES_ERROR;
				GCC_WARN_UNDECLARED_SELECTOR = YES;
				GCC_WARN_UNINITIALIZED_AUTOS = YES_AGGRESSIVE;
				GCC_WARN_UNUSED_FUNCTION = YES;
				GCC_WARN_UNUSED_VARIABLE = YES;
				IPHONEOS_DEPLOYMENT_TARGET = 14.4;
				MTL_ENABLE_DEBUG_INFO = INCLUDE_SOURCE;
				MTL_FAST_MATH = YES;
				ONLY_ACTIVE_ARCH = YES;
				SDKROOT = iphoneos;
				SWIFT_ACTIVE_COMPILATION_CONDITIONS = DEBUG;
				SWIFT_OPTIMIZATION_LEVEL = "-Onone";
			};
			name = Debug;
		};
		A0D54A5525E14903004EFE06 /* Release */ = {
			isa = XCBuildConfiguration;
			buildSettings = {
				ALWAYS_SEARCH_USER_PATHS = NO;
				CLANG_ANALYZER_NONNULL = YES;
				CLANG_ANALYZER_NUMBER_OBJECT_CONVERSION = YES_AGGRESSIVE;
				CLANG_CXX_LANGUAGE_STANDARD = "gnu++14";
				CLANG_CXX_LIBRARY = "libc++";
				CLANG_ENABLE_MODULES = YES;
				CLANG_ENABLE_OBJC_ARC = YES;
				CLANG_ENABLE_OBJC_WEAK = YES;
				CLANG_WARN_BLOCK_CAPTURE_AUTORELEASING = YES;
				CLANG_WARN_BOOL_CONVERSION = YES;
				CLANG_WARN_COMMA = YES;
				CLANG_WARN_CONSTANT_CONVERSION = YES;
				CLANG_WARN_DEPRECATED_OBJC_IMPLEMENTATIONS = YES;
				CLANG_WARN_DIRECT_OBJC_ISA_USAGE = YES_ERROR;
				CLANG_WARN_DOCUMENTATION_COMMENTS = YES;
				CLANG_WARN_EMPTY_BODY = YES;
				CLANG_WARN_ENUM_CONVERSION = YES;
				CLANG_WARN_INFINITE_RECURSION = YES;
				CLANG_WARN_INT_CONVERSION = YES;
				CLANG_WARN_NON_LITERAL_NULL_CONVERSION = YES;
				CLANG_WARN_OBJC_IMPLICIT_RETAIN_SELF = YES;
				CLANG_WARN_OBJC_LITERAL_CONVERSION = YES;
				CLANG_WARN_OBJC_ROOT_CLASS = YES_ERROR;
				CLANG_WARN_QUOTED_INCLUDE_IN_FRAMEWORK_HEADER = YES;
				CLANG_WARN_RANGE_LOOP_ANALYSIS = YES;
				CLANG_WARN_STRICT_PROTOTYPES = YES;
				CLANG_WARN_SUSPICIOUS_MOVE = YES;
				CLANG_WARN_UNGUARDED_AVAILABILITY = YES_AGGRESSIVE;
				CLANG_WARN_UNREACHABLE_CODE = YES;
				CLANG_WARN__DUPLICATE_METHOD_MATCH = YES;
				COPY_PHASE_STRIP = NO;
				DEBUG_INFORMATION_FORMAT = "dwarf-with-dsym";
				ENABLE_NS_ASSERTIONS = NO;
				ENABLE_STRICT_OBJC_MSGSEND = YES;
				GCC_C_LANGUAGE_STANDARD = gnu11;
				GCC_NO_COMMON_BLOCKS = YES;
				GCC_WARN_64_TO_32_BIT_CONVERSION = YES;
				GCC_WARN_ABOUT_RETURN_TYPE = YES_ERROR;
				GCC_WARN_UNDECLARED_SELECTOR = YES;
				GCC_WARN_UNINITIALIZED_AUTOS = YES_AGGRESSIVE;
				GCC_WARN_UNUSED_FUNCTION = YES;
				GCC_WARN_UNUSED_VARIABLE = YES;
				IPHONEOS_DEPLOYMENT_TARGET = 14.4;
				MTL_ENABLE_DEBUG_INFO = NO;
				MTL_FAST_MATH = YES;
				SDKROOT = iphoneos;
				SWIFT_COMPILATION_MODE = wholemodule;
				SWIFT_OPTIMIZATION_LEVEL = "-O";
				VALIDATE_PRODUCT = YES;
			};
			name = Release;
		};
		A0D54A5725E14903004EFE06 /* Debug */ = {
			isa = XCBuildConfiguration;
			buildSettings = {
				ASSETCATALOG_COMPILER_APPICON_NAME = AppIcon;
				ASSETCATALOG_COMPILER_GLOBAL_ACCENT_COLOR_NAME = AccentColor;
				CODE_SIGN_STYLE = Automatic;
				DEVELOPMENT_TEAM = Y55BJD362P;
				INFOPLIST_FILE = StoreSearch/Info.plist;
				LD_RUNPATH_SEARCH_PATHS = (
					"$(inherited)",
					"@executable_path/Frameworks",
				);
				PRODUCT_BUNDLE_IDENTIFIER = com.lucas.StoreSearch;
				PRODUCT_NAME = "$(TARGET_NAME)";
				SWIFT_VERSION = 5.0;
				TARGETED_DEVICE_FAMILY = "1,2";
			};
			name = Debug;
		};
		A0D54A5825E14903004EFE06 /* Release */ = {
			isa = XCBuildConfiguration;
			buildSettings = {
				ASSETCATALOG_COMPILER_APPICON_NAME = AppIcon;
				ASSETCATALOG_COMPILER_GLOBAL_ACCENT_COLOR_NAME = AccentColor;
				CODE_SIGN_STYLE = Automatic;
				DEVELOPMENT_TEAM = Y55BJD362P;
				INFOPLIST_FILE = StoreSearch/Info.plist;
				LD_RUNPATH_SEARCH_PATHS = (
					"$(inherited)",
					"@executable_path/Frameworks",
				);
				PRODUCT_BUNDLE_IDENTIFIER = com.lucas.StoreSearch;
				PRODUCT_NAME = "$(TARGET_NAME)";
				SWIFT_VERSION = 5.0;
				TARGETED_DEVICE_FAMILY = "1,2";
			};
			name = Release;
		};
/* End XCBuildConfiguration section */

/* Begin XCConfigurationList section */
		A0D54A3D25E14902004EFE06 /* Build configuration list for PBXProject "StoreSearch" */ = {
			isa = XCConfigurationList;
			buildConfigurations = (
				A0D54A5425E14903004EFE06 /* Debug */,
				A0D54A5525E14903004EFE06 /* Release */,
			);
			defaultConfigurationIsVisible = 0;
			defaultConfigurationName = Release;
		};
		A0D54A5625E14903004EFE06 /* Build configuration list for PBXNativeTarget "StoreSearch" */ = {
			isa = XCConfigurationList;
			buildConfigurations = (
				A0D54A5725E14903004EFE06 /* Debug */,
				A0D54A5825E14903004EFE06 /* Release */,
			);
			defaultConfigurationIsVisible = 0;
			defaultConfigurationName = Release;
		};
/* End XCConfigurationList section */
	};
	rootObject = A0D54A3A25E14902004EFE06 /* Project object */;
}
